// !$*UTF8*$!
{
	archiveVersion = 1;
	classes = {
	};
	objectVersion = 51;
	objects = {

/* Begin PBXBuildFile section */
		5DCA65CFE70034A9F9860028 /* Pods_Insides.framework in Frameworks */ = {isa = PBXBuildFile; fileRef = 7A2AE0B861C24544A828E3A0 /* Pods_Insides.framework */; };
		AE1CC26625C3A3FB00194FC4 /* Util.swift in Sources */ = {isa = PBXBuildFile; fileRef = AE1CC26525C3A3FB00194FC4 /* Util.swift */; };
		AE44627125B501360082BCD0 /* AppDelegate.swift in Sources */ = {isa = PBXBuildFile; fileRef = AE44627025B501360082BCD0 /* AppDelegate.swift */; };
		AE44627325B501360082BCD0 /* SceneDelegate.swift in Sources */ = {isa = PBXBuildFile; fileRef = AE44627225B501360082BCD0 /* SceneDelegate.swift */; };
		AE44627525B501360082BCD0 /* ViewController.swift in Sources */ = {isa = PBXBuildFile; fileRef = AE44627425B501360082BCD0 /* ViewController.swift */; };
		AE44627825B501360082BCD0 /* Main.storyboard in Resources */ = {isa = PBXBuildFile; fileRef = AE44627625B501360082BCD0 /* Main.storyboard */; };
		AE44627A25B501390082BCD0 /* Assets.xcassets in Resources */ = {isa = PBXBuildFile; fileRef = AE44627925B501390082BCD0 /* Assets.xcassets */; };
		AE44627D25B501390082BCD0 /* LaunchScreen.storyboard in Resources */ = {isa = PBXBuildFile; fileRef = AE44627B25B501390082BCD0 /* LaunchScreen.storyboard */; };
		AE6580F325BE07A20041AA48 /* HomeViewController.swift in Sources */ = {isa = PBXBuildFile; fileRef = AE6580F225BE07A20041AA48 /* HomeViewController.swift */; };
		AE6580F525C07F1D0041AA48 /* AddCounterViewController.swift in Sources */ = {isa = PBXBuildFile; fileRef = AE6580F425C07F1D0041AA48 /* AddCounterViewController.swift */; };
		AE6580F925C0E58A0041AA48 /* ColorsCollectionViewCell.swift in Sources */ = {isa = PBXBuildFile; fileRef = AE6580F825C0E58A0041AA48 /* ColorsCollectionViewCell.swift */; };
		AE6580FD25C164D50041AA48 /* AppSettingsTableViewController.swift in Sources */ = {isa = PBXBuildFile; fileRef = AE6580FC25C164D50041AA48 /* AppSettingsTableViewController.swift */; };
		AE6580FF25C21B930041AA48 /* CounterCell.swift in Sources */ = {isa = PBXBuildFile; fileRef = AE6580FE25C21B930041AA48 /* CounterCell.swift */; };
		AE65810125C21D140041AA48 /* CounterModal.swift in Sources */ = {isa = PBXBuildFile; fileRef = AE65810025C21D140041AA48 /* CounterModal.swift */; };
		AE7EA1DC25C31E85000EDFC6 /* GoogleService-Info.plist in Resources */ = {isa = PBXBuildFile; fileRef = AE7EA1DB25C31E85000EDFC6 /* GoogleService-Info.plist */; };
		AEC299B925C52158009BC629 /* CounterSettingsViewController.swift in Sources */ = {isa = PBXBuildFile; fileRef = AEC299B825C52158009BC629 /* CounterSettingsViewController.swift */; };
		AED584C725C2F1BF002824BA /* SignUpViewController.swift in Sources */ = {isa = PBXBuildFile; fileRef = AED584C625C2F1BF002824BA /* SignUpViewController.swift */; };
/* End PBXBuildFile section */

/* Begin PBXFileReference section */
		67BB5AF7525F32A21E05A6AE /* Pods-Insides.debug.xcconfig */ = {isa = PBXFileReference; includeInIndex = 1; lastKnownFileType = text.xcconfig; name = "Pods-Insides.debug.xcconfig"; path = "Target Support Files/Pods-Insides/Pods-Insides.debug.xcconfig"; sourceTree = "<group>"; };
		7A2AE0B861C24544A828E3A0 /* Pods_Insides.framework */ = {isa = PBXFileReference; explicitFileType = wrapper.framework; includeInIndex = 0; path = Pods_Insides.framework; sourceTree = BUILT_PRODUCTS_DIR; };
		9E8B855A8E90E069694CCE5D /* Pods-Insides.release.xcconfig */ = {isa = PBXFileReference; includeInIndex = 1; lastKnownFileType = text.xcconfig; name = "Pods-Insides.release.xcconfig"; path = "Target Support Files/Pods-Insides/Pods-Insides.release.xcconfig"; sourceTree = "<group>"; };
		AE1CC26525C3A3FB00194FC4 /* Util.swift */ = {isa = PBXFileReference; lastKnownFileType = sourcecode.swift; path = Util.swift; sourceTree = "<group>"; };
		AE44626D25B501360082BCD0 /* Insides.app */ = {isa = PBXFileReference; explicitFileType = wrapper.application; includeInIndex = 0; path = Insides.app; sourceTree = BUILT_PRODUCTS_DIR; };
		AE44627025B501360082BCD0 /* AppDelegate.swift */ = {isa = PBXFileReference; lastKnownFileType = sourcecode.swift; path = AppDelegate.swift; sourceTree = "<group>"; };
		AE44627225B501360082BCD0 /* SceneDelegate.swift */ = {isa = PBXFileReference; lastKnownFileType = sourcecode.swift; path = SceneDelegate.swift; sourceTree = "<group>"; };
		AE44627425B501360082BCD0 /* ViewController.swift */ = {isa = PBXFileReference; lastKnownFileType = sourcecode.swift; path = ViewController.swift; sourceTree = "<group>"; };
		AE44627725B501360082BCD0 /* Base */ = {isa = PBXFileReference; lastKnownFileType = file.storyboard; name = Base; path = Base.lproj/Main.storyboard; sourceTree = "<group>"; };
		AE44627925B501390082BCD0 /* Assets.xcassets */ = {isa = PBXFileReference; lastKnownFileType = folder.assetcatalog; path = Assets.xcassets; sourceTree = "<group>"; };
		AE44627C25B501390082BCD0 /* Base */ = {isa = PBXFileReference; lastKnownFileType = file.storyboard; name = Base; path = Base.lproj/LaunchScreen.storyboard; sourceTree = "<group>"; };
		AE44627E25B501390082BCD0 /* Info.plist */ = {isa = PBXFileReference; lastKnownFileType = text.plist.xml; path = Info.plist; sourceTree = "<group>"; };
		AE6580F225BE07A20041AA48 /* HomeViewController.swift */ = {isa = PBXFileReference; lastKnownFileType = sourcecode.swift; path = HomeViewController.swift; sourceTree = "<group>"; };
		AE6580F425C07F1D0041AA48 /* AddCounterViewController.swift */ = {isa = PBXFileReference; lastKnownFileType = sourcecode.swift; path = AddCounterViewController.swift; sourceTree = "<group>"; };
		AE6580F825C0E58A0041AA48 /* ColorsCollectionViewCell.swift */ = {isa = PBXFileReference; lastKnownFileType = sourcecode.swift; path = ColorsCollectionViewCell.swift; sourceTree = "<group>"; };
		AE6580FC25C164D50041AA48 /* AppSettingsTableViewController.swift */ = {isa = PBXFileReference; lastKnownFileType = sourcecode.swift; path = AppSettingsTableViewController.swift; sourceTree = "<group>"; };
		AE6580FE25C21B930041AA48 /* CounterCell.swift */ = {isa = PBXFileReference; lastKnownFileType = sourcecode.swift; path = CounterCell.swift; sourceTree = "<group>"; };
		AE65810025C21D140041AA48 /* CounterModal.swift */ = {isa = PBXFileReference; lastKnownFileType = sourcecode.swift; path = CounterModal.swift; sourceTree = "<group>"; };
		AE7EA1DB25C31E85000EDFC6 /* GoogleService-Info.plist */ = {isa = PBXFileReference; fileEncoding = 4; lastKnownFileType = text.plist.xml; name = "GoogleService-Info.plist"; path = "../../../../Downloads/29 Day Beginner Challenge/GoogleService-Info.plist"; sourceTree = "<group>"; };
		AEC299B825C52158009BC629 /* CounterSettingsViewController.swift */ = {isa = PBXFileReference; lastKnownFileType = sourcecode.swift; path = CounterSettingsViewController.swift; sourceTree = "<group>"; };
		AED584C625C2F1BF002824BA /* SignUpViewController.swift */ = {isa = PBXFileReference; lastKnownFileType = sourcecode.swift; path = SignUpViewController.swift; sourceTree = "<group>"; };
/* End PBXFileReference section */

/* Begin PBXFrameworksBuildPhase section */
		AE44626A25B501360082BCD0 /* Frameworks */ = {
			isa = PBXFrameworksBuildPhase;
			buildActionMask = 2147483647;
			files = (
				5DCA65CFE70034A9F9860028 /* Pods_Insides.framework in Frameworks */,
			);
			runOnlyForDeploymentPostprocessing = 0;
		};
/* End PBXFrameworksBuildPhase section */

/* Begin PBXGroup section */
		16975135AA2E9AAA0CC798F5 /* Frameworks */ = {
			isa = PBXGroup;
			children = (
				7A2AE0B861C24544A828E3A0 /* Pods_Insides.framework */,
			);
			name = Frameworks;
			sourceTree = "<group>";
		};
		1FF02F5C55BC3C2EEF7CA4A2 /* Pods */ = {
			isa = PBXGroup;
			children = (
				67BB5AF7525F32A21E05A6AE /* Pods-Insides.debug.xcconfig */,
				9E8B855A8E90E069694CCE5D /* Pods-Insides.release.xcconfig */,
			);
			path = Pods;
			sourceTree = "<group>";
		};
		AE1CC26425C3A3E400194FC4 /* Helpers */ = {
			isa = PBXGroup;
			children = (
				AE1CC26525C3A3FB00194FC4 /* Util.swift */,
			);
			path = Helpers;
			sourceTree = "<group>";
		};
		AE44626425B501360082BCD0 = {
			isa = PBXGroup;
			children = (
				AE44626F25B501360082BCD0 /* Insides */,
				AE44626E25B501360082BCD0 /* Products */,
				1FF02F5C55BC3C2EEF7CA4A2 /* Pods */,
				16975135AA2E9AAA0CC798F5 /* Frameworks */,
			);
			sourceTree = "<group>";
		};
		AE44626E25B501360082BCD0 /* Products */ = {
			isa = PBXGroup;
			children = (
				AE44626D25B501360082BCD0 /* Insides.app */,
			);
			name = Products;
			sourceTree = "<group>";
		};
		AE44626F25B501360082BCD0 /* Insides */ = {
			isa = PBXGroup;
			children = (
				AE1CC26425C3A3E400194FC4 /* Helpers */,
				AE7EA1DB25C31E85000EDFC6 /* GoogleService-Info.plist */,
				AE44627025B501360082BCD0 /* AppDelegate.swift */,
				AE44627225B501360082BCD0 /* SceneDelegate.swift */,
				AE44627425B501360082BCD0 /* ViewController.swift */,
				AE44627625B501360082BCD0 /* Main.storyboard */,
				AE44627925B501390082BCD0 /* Assets.xcassets */,
				AE44627B25B501390082BCD0 /* LaunchScreen.storyboard */,
				AE44627E25B501390082BCD0 /* Info.plist */,
				AE6580F225BE07A20041AA48 /* HomeViewController.swift */,
				AE6580F425C07F1D0041AA48 /* AddCounterViewController.swift */,
				AE6580F825C0E58A0041AA48 /* ColorsCollectionViewCell.swift */,
				AE6580FC25C164D50041AA48 /* AppSettingsTableViewController.swift */,
				AE6580FE25C21B930041AA48 /* CounterCell.swift */,
				AE65810025C21D140041AA48 /* CounterModal.swift */,
				AED584C625C2F1BF002824BA /* SignUpViewController.swift */,
				AEC299B825C52158009BC629 /* CounterSettingsViewController.swift */,
			);
			path = Insides;
			sourceTree = "<group>";
		};
/* End PBXGroup section */

/* Begin PBXNativeTarget section */
		AE44626C25B501360082BCD0 /* Insides */ = {
			isa = PBXNativeTarget;
			buildConfigurationList = AE44628125B501390082BCD0 /* Build configuration list for PBXNativeTarget "Insides" */;
			buildPhases = (
				E892662455DAA1A9741FF5B2 /* [CP] Check Pods Manifest.lock */,
				AE44626925B501360082BCD0 /* Sources */,
				AE44626A25B501360082BCD0 /* Frameworks */,
				AE44626B25B501360082BCD0 /* Resources */,
				16B480B0DB53234415EB4DC3 /* [CP] Embed Pods Frameworks */,
				00F20EBC61994CB65853B3C4 /* [CP] Copy Pods Resources */,
			);
			buildRules = (
			);
			dependencies = (
			);
			name = Insides;
			productName = Insides;
			productReference = AE44626D25B501360082BCD0 /* Insides.app */;
			productType = "com.apple.product-type.application";
		};
/* End PBXNativeTarget section */

/* Begin PBXProject section */
		AE44626525B501360082BCD0 /* Project object */ = {
			isa = PBXProject;
			attributes = {
				LastSwiftUpdateCheck = 1130;
				LastUpgradeCheck = 1130;
				ORGANIZATIONNAME = "Hamas Hassan";
				TargetAttributes = {
					AE44626C25B501360082BCD0 = {
						CreatedOnToolsVersion = 11.3;
					};
				};
			};
			buildConfigurationList = AE44626825B501360082BCD0 /* Build configuration list for PBXProject "Insides" */;
			compatibilityVersion = "Xcode 9.3";
			developmentRegion = en;
			hasScannedForEncodings = 0;
			knownRegions = (
				en,
				Base,
			);
			mainGroup = AE44626425B501360082BCD0;
			productRefGroup = AE44626E25B501360082BCD0 /* Products */;
			projectDirPath = "";
			projectRoot = "";
			targets = (
				AE44626C25B501360082BCD0 /* Insides */,
			);
		};
/* End PBXProject section */

/* Begin PBXResourcesBuildPhase section */
		AE44626B25B501360082BCD0 /* Resources */ = {
			isa = PBXResourcesBuildPhase;
			buildActionMask = 2147483647;
			files = (
				AE44627D25B501390082BCD0 /* LaunchScreen.storyboard in Resources */,
				AE7EA1DC25C31E85000EDFC6 /* GoogleService-Info.plist in Resources */,
				AE44627A25B501390082BCD0 /* Assets.xcassets in Resources */,
				AE44627825B501360082BCD0 /* Main.storyboard in Resources */,
			);
			runOnlyForDeploymentPostprocessing = 0;
		};
/* End PBXResourcesBuildPhase section */

/* Begin PBXShellScriptBuildPhase section */
		00F20EBC61994CB65853B3C4 /* [CP] Copy Pods Resources */ = {
			isa = PBXShellScriptBuildPhase;
			buildActionMask = 2147483647;
			files = (
			);
			inputFileListPaths = (
				"${PODS_ROOT}/Target Support Files/Pods-Insides/Pods-Insides-resources-${CONFIGURATION}-input-files.xcfilelist",
			);
			name = "[CP] Copy Pods Resources";
			outputFileListPaths = (
				"${PODS_ROOT}/Target Support Files/Pods-Insides/Pods-Insides-resources-${CONFIGURATION}-output-files.xcfilelist",
			);
			runOnlyForDeploymentPostprocessing = 0;
			shellPath = /bin/sh;
			shellScript = "\"${PODS_ROOT}/Target Support Files/Pods-Insides/Pods-Insides-resources.sh\"\n";
			showEnvVarsInLog = 0;
		};
		16B480B0DB53234415EB4DC3 /* [CP] Embed Pods Frameworks */ = {
			isa = PBXShellScriptBuildPhase;
			buildActionMask = 2147483647;
			files = (
			);
			inputFileListPaths = (
				"${PODS_ROOT}/Target Support Files/Pods-Insides/Pods-Insides-frameworks-${CONFIGURATION}-input-files.xcfilelist",
			);
			name = "[CP] Embed Pods Frameworks";
			outputFileListPaths = (
				"${PODS_ROOT}/Target Support Files/Pods-Insides/Pods-Insides-frameworks-${CONFIGURATION}-output-files.xcfilelist",
			);
			runOnlyForDeploymentPostprocessing = 0;
			shellPath = /bin/sh;
			shellScript = "\"${PODS_ROOT}/Target Support Files/Pods-Insides/Pods-Insides-frameworks.sh\"\n";
			showEnvVarsInLog = 0;
		};
		E892662455DAA1A9741FF5B2 /* [CP] Check Pods Manifest.lock */ = {
			isa = PBXShellScriptBuildPhase;
			buildActionMask = 2147483647;
			files = (
			);
			inputFileListPaths = (
			);
			inputPaths = (
				"${PODS_PODFILE_DIR_PATH}/Podfile.lock",
				"${PODS_ROOT}/Manifest.lock",
			);
			name = "[CP] Check Pods Manifest.lock";
			outputFileListPaths = (
			);
			outputPaths = (
				"$(DERIVED_FILE_DIR)/Pods-Insides-checkManifestLockResult.txt",
			);
			runOnlyForDeploymentPostprocessing = 0;
			shellPath = /bin/sh;
			shellScript = "diff \"${PODS_PODFILE_DIR_PATH}/Podfile.lock\" \"${PODS_ROOT}/Manifest.lock\" > /dev/null\nif [ $? != 0 ] ; then\n    # print error to STDERR\n    echo \"error: The sandbox is not in sync with the Podfile.lock. Run 'pod install' or update your CocoaPods installation.\" >&2\n    exit 1\nfi\n# This output is used by Xcode 'outputs' to avoid re-running this script phase.\necho \"SUCCESS\" > \"${SCRIPT_OUTPUT_FILE_0}\"\n";
			showEnvVarsInLog = 0;
		};
/* End PBXShellScriptBuildPhase section */

/* Begin PBXSourcesBuildPhase section */
		AE44626925B501360082BCD0 /* Sources */ = {
			isa = PBXSourcesBuildPhase;
			buildActionMask = 2147483647;
			files = (
				AE1CC26625C3A3FB00194FC4 /* Util.swift in Sources */,
				AE44627525B501360082BCD0 /* ViewController.swift in Sources */,
				AE44627125B501360082BCD0 /* AppDelegate.swift in Sources */,
				AE6580F525C07F1D0041AA48 /* AddCounterViewController.swift in Sources */,
				AE6580FD25C164D50041AA48 /* AppSettingsTableViewController.swift in Sources */,
				AED584C725C2F1BF002824BA /* SignUpViewController.swift in Sources */,
				AEC299B925C52158009BC629 /* CounterSettingsViewController.swift in Sources */,
				AE65810125C21D140041AA48 /* CounterModal.swift in Sources */,
				AE6580FF25C21B930041AA48 /* CounterCell.swift in Sources */,
				AE44627325B501360082BCD0 /* SceneDelegate.swift in Sources */,
				AE6580F925C0E58A0041AA48 /* ColorsCollectionViewCell.swift in Sources */,
				AE6580F325BE07A20041AA48 /* HomeViewController.swift in Sources */,
			);
			runOnlyForDeploymentPostprocessing = 0;
		};
/* End PBXSourcesBuildPhase section */

/* Begin PBXVariantGroup section */
		AE44627625B501360082BCD0 /* Main.storyboard */ = {
			isa = PBXVariantGroup;
			children = (
				AE44627725B501360082BCD0 /* Base */,
			);
			name = Main.storyboard;
			sourceTree = "<group>";
		};
		AE44627B25B501390082BCD0 /* LaunchScreen.storyboard */ = {
			isa = PBXVariantGroup;
			children = (
				AE44627C25B501390082BCD0 /* Base */,
			);
			name = LaunchScreen.storyboard;
			sourceTree = "<group>";
		};
/* End PBXVariantGroup section */

/* Begin XCBuildConfiguration section */
		AE44627F25B501390082BCD0 /* Debug */ = {
			isa = XCBuildConfiguration;
			buildSettings = {
				ALWAYS_SEARCH_USER_PATHS = NO;
				CLANG_ANALYZER_NONNULL = YES;
				CLANG_ANALYZER_NUMBER_OBJECT_CONVERSION = YES_AGGRESSIVE;
				CLANG_CXX_LANGUAGE_STANDARD = "gnu++14";
				CLANG_CXX_LIBRARY = "libc++";
				CLANG_ENABLE_MODULES = YES;
				CLANG_ENABLE_OBJC_ARC = YES;
				CLANG_ENABLE_OBJC_WEAK = YES;
				CLANG_WARN_BLOCK_CAPTURE_AUTORELEASING = YES;
				CLANG_WARN_BOOL_CONVERSION = YES;
				CLANG_WARN_COMMA = YES;
				CLANG_WARN_CONSTANT_CONVERSION = YES;
				CLANG_WARN_DEPRECATED_OBJC_IMPLEMENTATIONS = YES;
				CLANG_WARN_DIRECT_OBJC_ISA_USAGE = YES_ERROR;
				CLANG_WARN_DOCUMENTATION_COMMENTS = YES;
				CLANG_WARN_EMPTY_BODY = YES;
				CLANG_WARN_ENUM_CONVERSION = YES;
				CLANG_WARN_INFINITE_RECURSION = YES;
				CLANG_WARN_INT_CONVERSION = YES;
				CLANG_WARN_NON_LITERAL_NULL_CONVERSION = YES;
				CLANG_WARN_OBJC_IMPLICIT_RETAIN_SELF = YES;
				CLANG_WARN_OBJC_LITERAL_CONVERSION = YES;
				CLANG_WARN_OBJC_ROOT_CLASS = YES_ERROR;
				CLANG_WARN_RANGE_LOOP_ANALYSIS = YES;
				CLANG_WARN_STRICT_PROTOTYPES = YES;
				CLANG_WARN_SUSPICIOUS_MOVE = YES;
				CLANG_WARN_UNGUARDED_AVAILABILITY = YES_AGGRESSIVE;
				CLANG_WARN_UNREACHABLE_CODE = YES;
				CLANG_WARN__DUPLICATE_METHOD_MATCH = YES;
				COPY_PHASE_STRIP = NO;
				DEBUG_INFORMATION_FORMAT = dwarf;
				ENABLE_STRICT_OBJC_MSGSEND = YES;
				ENABLE_TESTABILITY = YES;
				GCC_C_LANGUAGE_STANDARD = gnu11;
				GCC_DYNAMIC_NO_PIC = NO;
				GCC_NO_COMMON_BLOCKS = YES;
				GCC_OPTIMIZATION_LEVEL = 0;
				GCC_PREPROCESSOR_DEFINITIONS = (
					"DEBUG=1",
					"$(inherited)",
				);
				GCC_WARN_64_TO_32_BIT_CONVERSION = YES;
				GCC_WARN_ABOUT_RETURN_TYPE = YES_ERROR;
				GCC_WARN_UNDECLARED_SELECTOR = YES;
				GCC_WARN_UNINITIALIZED_AUTOS = YES_AGGRESSIVE;
				GCC_WARN_UNUSED_FUNCTION = YES;
				GCC_WARN_UNUSED_VARIABLE = YES;
				IPHONEOS_DEPLOYMENT_TARGET = 13.2;
				MTL_ENABLE_DEBUG_INFO = INCLUDE_SOURCE;
				MTL_FAST_MATH = YES;
				ONLY_ACTIVE_ARCH = YES;
				SDKROOT = iphoneos;
				SWIFT_ACTIVE_COMPILATION_CONDITIONS = DEBUG;
				SWIFT_OPTIMIZATION_LEVEL = "-Onone";
			};
			name = Debug;
		};
		AE44628025B501390082BCD0 /* Release */ = {
			isa = XCBuildConfiguration;
			buildSettings = {
				ALWAYS_SEARCH_USER_PATHS = NO;
				CLANG_ANALYZER_NONNULL = YES;
				CLANG_ANALYZER_NUMBER_OBJECT_CONVERSION = YES_AGGRESSIVE;
				CLANG_CXX_LANGUAGE_STANDARD = "gnu++14";
				CLANG_CXX_LIBRARY = "libc++";
				CLANG_ENABLE_MODULES = YES;
				CLANG_ENABLE_OBJC_ARC = YES;
				CLANG_ENABLE_OBJC_WEAK = YES;
				CLANG_WARN_BLOCK_CAPTURE_AUTORELEASING = YES;
				CLANG_WARN_BOOL_CONVERSION = YES;
				CLANG_WARN_COMMA = YES;
				CLANG_WARN_CONSTANT_CONVERSION = YES;
				CLANG_WARN_DEPRECATED_OBJC_IMPLEMENTATIONS = YES;
				CLANG_WARN_DIRECT_OBJC_ISA_USAGE = YES_ERROR;
				CLANG_WARN_DOCUMENTATION_COMMENTS = YES;
				CLANG_WARN_EMPTY_BODY = YES;
				CLANG_WARN_ENUM_CONVERSION = YES;
				CLANG_WARN_INFINITE_RECURSION = YES;
				CLANG_WARN_INT_CONVERSION = YES;
				CLANG_WARN_NON_LITERAL_NULL_CONVERSION = YES;
				CLANG_WARN_OBJC_IMPLICIT_RETAIN_SELF = YES;
				CLANG_WARN_OBJC_LITERAL_CONVERSION = YES;
				CLANG_WARN_OBJC_ROOT_CLASS = YES_ERROR;
				CLANG_WARN_RANGE_LOOP_ANALYSIS = YES;
				CLANG_WARN_STRICT_PROTOTYPES = YES;
				CLANG_WARN_SUSPICIOUS_MOVE = YES;
				CLANG_WARN_UNGUARDED_AVAILABILITY = YES_AGGRESSIVE;
				CLANG_WARN_UNREACHABLE_CODE = YES;
				CLANG_WARN__DUPLICATE_METHOD_MATCH = YES;
				COPY_PHASE_STRIP = NO;
				DEBUG_INFORMATION_FORMAT = "dwarf-with-dsym";
				ENABLE_NS_ASSERTIONS = NO;
				ENABLE_STRICT_OBJC_MSGSEND = YES;
				GCC_C_LANGUAGE_STANDARD = gnu11;
				GCC_NO_COMMON_BLOCKS = YES;
				GCC_WARN_64_TO_32_BIT_CONVERSION = YES;
				GCC_WARN_ABOUT_RETURN_TYPE = YES_ERROR;
				GCC_WARN_UNDECLARED_SELECTOR = YES;
				GCC_WARN_UNINITIALIZED_AUTOS = YES_AGGRESSIVE;
				GCC_WARN_UNUSED_FUNCTION = YES;
				GCC_WARN_UNUSED_VARIABLE = YES;
				IPHONEOS_DEPLOYMENT_TARGET = 13.2;
				MTL_ENABLE_DEBUG_INFO = NO;
				MTL_FAST_MATH = YES;
				SDKROOT = iphoneos;
				SWIFT_COMPILATION_MODE = wholemodule;
				SWIFT_OPTIMIZATION_LEVEL = "-O";
				VALIDATE_PRODUCT = YES;
			};
			name = Release;
		};
		AE44628225B501390082BCD0 /* Debug */ = {
			isa = XCBuildConfiguration;
			baseConfigurationReference = 67BB5AF7525F32A21E05A6AE /* Pods-Insides.debug.xcconfig */;
			buildSettings = {
				ASSETCATALOG_COMPILER_APPICON_NAME = AppIcon;
				CODE_SIGN_STYLE = Automatic;
				INFOPLIST_FILE = Insides/Info.plist;
				LD_RUNPATH_SEARCH_PATHS = (
					"$(inherited)",
					"@executable_path/Frameworks",
				);
				PRODUCT_BUNDLE_IDENTIFIER = com.insides.io;
				PRODUCT_NAME = "$(TARGET_NAME)";
				SWIFT_VERSION = 5.0;
				TARGETED_DEVICE_FAMILY = "1,2";
			};
			name = Debug;
		};
		AE44628325B501390082BCD0 /* Release */ = {
			isa = XCBuildConfiguration;
			baseConfigurationReference = 9E8B855A8E90E069694CCE5D /* Pods-Insides.release.xcconfig */;
			buildSettings = {
				ASSETCATALOG_COMPILER_APPICON_NAME = AppIcon;
				CODE_SIGN_STYLE = Automatic;
				INFOPLIST_FILE = Insides/Info.plist;
				LD_RUNPATH_SEARCH_PATHS = (
					"$(inherited)",
					"@executable_path/Frameworks",
				);
				PRODUCT_BUNDLE_IDENTIFIER = com.insides.io;
				PRODUCT_NAME = "$(TARGET_NAME)";
				SWIFT_VERSION = 5.0;
				TARGETED_DEVICE_FAMILY = "1,2";
			};
			name = Release;
		};
/* End XCBuildConfiguration section */

/* Begin XCConfigurationList section */
		AE44626825B501360082BCD0 /* Build configuration list for PBXProject "Insides" */ = {
			isa = XCConfigurationList;
			buildConfigurations = (
				AE44627F25B501390082BCD0 /* Debug */,
				AE44628025B501390082BCD0 /* Release */,
			);
			defaultConfigurationIsVisible = 0;
			defaultConfigurationName = Release;
		};
		AE44628125B501390082BCD0 /* Build configuration list for PBXNativeTarget "Insides" */ = {
			isa = XCConfigurationList;
			buildConfigurations = (
				AE44628225B501390082BCD0 /* Debug */,
				AE44628325B501390082BCD0 /* Release */,
			);
			defaultConfigurationIsVisible = 0;
			defaultConfigurationName = Release;
		};
/* End XCConfigurationList section */
	};
	rootObject = AE44626525B501360082BCD0 /* Project object */;
}
